
Microsoft Visual Studio Solution File, Format Version 12.00
# Visual Studio Version 17
VisualStudioVersion = 17.7.34024.191
MinimumVisualStudioVersion = 10.0.40219.1
Project("{FAE04EC0-301F-11D3-BF4B-00C04F79EFBC}") = "AStar", "AStar\AStar.csproj", "{127DF02E-4B2D-452C-9E59-861692057B6D}"
EndProject
Global
	GlobalSection(SolutionConfigurationPlatforms) = preSolution
		Debug|Any CPU = Debug|Any CPU
		Release|Any CPU = Release|Any CPU
	EndGlobalSection
	GlobalSection(ProjectConfigurationPlatforms) = postSolution
		{127DF02E-4B2D-452C-9E59-861692057B6D}.Debug|Any CPU.ActiveCfg = Debug|Any CPU
		{127DF02E-4B2D-452C-9E59-861692057B6D}.Debug|Any CPU.Build.0 = Debug|Any CPU
		{127DF02E-4B2D-452C-9E59-861692057B6D}.Release|Any CPU.ActiveCfg = Release|Any CPU
		{127DF02E-4B2D-452C-9E59-861692057B6D}.Release|Any CPU.Build.0 = Release|Any CPU
	EndGlobalSection
	GlobalSection(SolutionProperties) = preSolution
		HideSolutionNode = FALSE
	EndGlobalSection
	GlobalSection(ExtensibilityGlobals) = postSolution
		SolutionGuid = {2BBC72B1-EC18-4A20-85EE-2DA6CFFFE6C3}
	EndGlobalSection
EndGlobal
